
Microsoft Visual Studio Solution File, Format Version 12.00
# Visual Studio 15
VisualStudioVersion = 15.0.27130.2020
MinimumVisualStudioVersion = 10.0.40219.1
Project("{8BC9CEB8-8B4A-11D0-8D11-00A0C91BC942}") = "ClientT", "ClientT\ClientT.vcxproj", "{FB8F3AA9-12A5-4FB7-BA9C-A590DBA338D2}"
EndProject
Global
	GlobalSection(SolutionConfigurationPlatforms) = preSolution
		Debug|x64 = Debug|x64
		Debug|x86 = Debug|x86
		Release|x64 = Release|x64
		Release|x86 = Release|x86
	EndGlobalSection
	GlobalSection(ProjectConfigurationPlatforms) = postSolution
		{FB8F3AA9-12A5-4FB7-BA9C-A590DBA338D2}.Debug|x64.ActiveCfg = Debug|x64
		{FB8F3AA9-12A5-4FB7-BA9C-A590DBA338D2}.Debug|x64.Build.0 = Debug|x64
		{FB8F3AA9-12A5-4FB7-BA9C-A590DBA338D2}.Debug|x86.ActiveCfg = Debug|Win32
		{FB8F3AA9-12A5-4FB7-BA9C-A590DBA338D2}.Debug|x86.Build.0 = Debug|Win32
		{FB8F3AA9-12A5-4FB7-BA9C-A590DBA338D2}.Release|x64.ActiveCfg = Release|x64
		{FB8F3AA9-12A5-4FB7-BA9C-A590DBA338D2}.Release|x64.Build.0 = Release|x64
		{FB8F3AA9-12A5-4FB7-BA9C-A590DBA338D2}.Release|x86.ActiveCfg = Release|Win32
		{FB8F3AA9-12A5-4FB7-BA9C-A590DBA338D2}.Release|x86.Build.0 = Release|Win32
	EndGlobalSection
	GlobalSection(SolutionProperties) = preSolution
		HideSolutionNode = FALSE
	EndGlobalSection
	GlobalSection(ExtensibilityGlobals) = postSolution
		SolutionGuid = {45C4E045-0806-4B5A-AA91-08CFB6F626C3}
	EndGlobalSection
EndGlobal
